
Microsoft Visual Studio Solution File, Format Version 12.00
# Visual Studio Version 17
VisualStudioVersion = 17.7.34024.191
MinimumVisualStudioVersion = 10.0.40219.1
Project("{9A19103F-16F7-4668-BE54-9A1E7A4F7556}") = "ProsjektOppgaveBlazor", "ProsjektOppgaveDTE-2802\ProsjektOppgaveBlazor.csproj", "{32E187FF-01C8-4EAC-A250-93B773EDC6A7}"
EndProject
Project("{9A19103F-16F7-4668-BE54-9A1E7A4F7556}") = "ProsjektOppgaveWebAPI", "ProsjektOppgaveWebAPI\ProsjektOppgaveWebAPI.csproj", "{2C1F0314-C233-4208-8A26-CE0DCCFDA6CE}"
EndProject
Project("{FAE04EC0-301F-11D3-BF4B-00C04F79EFBC}") = "ProsjektOppgaveWebAPITest", "ProsjektOppgaveWebAPITest\ProsjektOppgaveWebAPITest.csproj", "{FC0CAF85-EB5C-4631-A61F-DD695797250F}"
EndProject
Project("{FAE04EC0-301F-11D3-BF4B-00C04F79EFBC}") = "ProsjektOppgaveWebAPI.Database", "ProsjektOppgaveWebAPI.Database\ProsjektOppgaveWebAPI.Database.csproj", "{83C1FA49-45A4-49A1-9135-1EE3CFC25722}"
EndProject
Project("{FAE04EC0-301F-11D3-BF4B-00C04F79EFBC}") = "ProsjektOppgaveWebAPI.Common", "ProsjektOppgaveWebAPI.Common\ProsjektOppgaveWebAPI.Common.csproj", "{9F79BCED-CA4E-41CF-A141-E7E10913B492}"
EndProject
Project("{FAE04EC0-301F-11D3-BF4B-00C04F79EFBC}") = "ProsjektOppgaveWebAPI.EntityFramework", "ProsjektOppgaveWebAPI.EntityFramework\ProsjektOppgaveWebAPI.EntityFramework.csproj", "{B6C1027B-9338-424C-999E-FBDFF6313639}"
EndProject
Project("{FAE04EC0-301F-11D3-BF4B-00C04F79EFBC}") = "ProsjektOppgaveWebAPI.Services", "ProsjektOppgaveWebAPI.Services\ProsjektOppgaveWebAPI.Services.csproj", "{F8EBE533-BA6E-4D6A-B167-C9F172206852}"
EndProject
Project("{FAE04EC0-301F-11D3-BF4B-00C04F79EFBC}") = "ProsjektOppgaveBlazor.Data", "ProsjektOppgaveBlazor.Data\ProsjektOppgaveBlazor.Data.csproj", "{4628A84F-9CB4-4652-8F69-02220AEC125A}"
EndProject
Global
	GlobalSection(SolutionConfigurationPlatforms) = preSolution
		Debug|Any CPU = Debug|Any CPU
		Release|Any CPU = Release|Any CPU
	EndGlobalSection
	GlobalSection(ProjectConfigurationPlatforms) = postSolution
		{32E187FF-01C8-4EAC-A250-93B773EDC6A7}.Debug|Any CPU.ActiveCfg = Debug|Any CPU
		{32E187FF-01C8-4EAC-A250-93B773EDC6A7}.Debug|Any CPU.Build.0 = Debug|Any CPU
		{32E187FF-01C8-4EAC-A250-93B773EDC6A7}.Release|Any CPU.ActiveCfg = Release|Any CPU
		{32E187FF-01C8-4EAC-A250-93B773EDC6A7}.Release|Any CPU.Build.0 = Release|Any CPU
		{2C1F0314-C233-4208-8A26-CE0DCCFDA6CE}.Debug|Any CPU.ActiveCfg = Debug|Any CPU
		{2C1F0314-C233-4208-8A26-CE0DCCFDA6CE}.Debug|Any CPU.Build.0 = Debug|Any CPU
		{2C1F0314-C233-4208-8A26-CE0DCCFDA6CE}.Release|Any CPU.ActiveCfg = Release|Any CPU
		{2C1F0314-C233-4208-8A26-CE0DCCFDA6CE}.Release|Any CPU.Build.0 = Release|Any CPU
		{FC0CAF85-EB5C-4631-A61F-DD695797250F}.Debug|Any CPU.ActiveCfg = Debug|Any CPU
		{FC0CAF85-EB5C-4631-A61F-DD695797250F}.Debug|Any CPU.Build.0 = Debug|Any CPU
		{FC0CAF85-EB5C-4631-A61F-DD695797250F}.Release|Any CPU.ActiveCfg = Release|Any CPU
		{FC0CAF85-EB5C-4631-A61F-DD695797250F}.Release|Any CPU.Build.0 = Release|Any CPU
		{83C1FA49-45A4-49A1-9135-1EE3CFC25722}.Debug|Any CPU.ActiveCfg = Debug|Any CPU
		{83C1FA49-45A4-49A1-9135-1EE3CFC25722}.Debug|Any CPU.Build.0 = Debug|Any CPU
		{83C1FA49-45A4-49A1-9135-1EE3CFC25722}.Release|Any CPU.ActiveCfg = Release|Any CPU
		{83C1FA49-45A4-49A1-9135-1EE3CFC25722}.Release|Any CPU.Build.0 = Release|Any CPU
		{9F79BCED-CA4E-41CF-A141-E7E10913B492}.Debug|Any CPU.ActiveCfg = Debug|Any CPU
		{9F79BCED-CA4E-41CF-A141-E7E10913B492}.Debug|Any CPU.Build.0 = Debug|Any CPU
		{9F79BCED-CA4E-41CF-A141-E7E10913B492}.Release|Any CPU.ActiveCfg = Release|Any CPU
		{9F79BCED-CA4E-41CF-A141-E7E10913B492}.Release|Any CPU.Build.0 = Release|Any CPU
		{B6C1027B-9338-424C-999E-FBDFF6313639}.Debug|Any CPU.ActiveCfg = Debug|Any CPU
		{B6C1027B-9338-424C-999E-FBDFF6313639}.Debug|Any CPU.Build.0 = Debug|Any CPU
		{B6C1027B-9338-424C-999E-FBDFF6313639}.Release|Any CPU.ActiveCfg = Release|Any CPU
		{B6C1027B-9338-424C-999E-FBDFF6313639}.Release|Any CPU.Build.0 = Release|Any CPU
		{F8EBE533-BA6E-4D6A-B167-C9F172206852}.Debug|Any CPU.ActiveCfg = Debug|Any CPU
		{F8EBE533-BA6E-4D6A-B167-C9F172206852}.Debug|Any CPU.Build.0 = Debug|Any CPU
		{F8EBE533-BA6E-4D6A-B167-C9F172206852}.Release|Any CPU.ActiveCfg = Release|Any CPU
		{F8EBE533-BA6E-4D6A-B167-C9F172206852}.Release|Any CPU.Build.0 = Release|Any CPU
		{4628A84F-9CB4-4652-8F69-02220AEC125A}.Debug|Any CPU.ActiveCfg = Debug|Any CPU
		{4628A84F-9CB4-4652-8F69-02220AEC125A}.Debug|Any CPU.Build.0 = Debug|Any CPU
		{4628A84F-9CB4-4652-8F69-02220AEC125A}.Release|Any CPU.ActiveCfg = Release|Any CPU
		{4628A84F-9CB4-4652-8F69-02220AEC125A}.Release|Any CPU.Build.0 = Release|Any CPU
	EndGlobalSection
	GlobalSection(SolutionProperties) = preSolution
		HideSolutionNode = FALSE
	EndGlobalSection
	GlobalSection(ExtensibilityGlobals) = postSolution
		SolutionGuid = {CFBDFA55-7027-4FDD-B512-4C9BE0F97858}
	EndGlobalSection
EndGlobal
